
Microsoft Visual Studio Solution File, Format Version 12.00
# Visual Studio Version 17
VisualStudioVersion = 17.3.32819.101
MinimumVisualStudioVersion = 10.0.40219.1
Project("{FAE04EC0-301F-11D3-BF4B-00C04F79EFBC}") = "Server", "Server.csproj", "{67B97B19-6ED2-4F6A-B9D7-EB876BD162EB}"
EndProject
Global
	GlobalSection(SolutionConfigurationPlatforms) = preSolution
		Debug|Any CPU = Debug|Any CPU
		Release|Any CPU = Release|Any CPU
	EndGlobalSection
	GlobalSection(ProjectConfigurationPlatforms) = postSolution
		{67B97B19-6ED2-4F6A-B9D7-EB876BD162EB}.Debug|Any CPU.ActiveCfg = Debug|Any CPU
		{67B97B19-6ED2-4F6A-B9D7-EB876BD162EB}.Debug|Any CPU.Build.0 = Debug|Any CPU
		{67B97B19-6ED2-4F6A-B9D7-EB876BD162EB}.Release|Any CPU.ActiveCfg = Release|Any CPU
		{67B97B19-6ED2-4F6A-B9D7-EB876BD162EB}.Release|Any CPU.Build.0 = Release|Any CPU
	EndGlobalSection
	GlobalSection(SolutionProperties) = preSolution
		HideSolutionNode = FALSE
	EndGlobalSection
	GlobalSection(ExtensibilityGlobals) = postSolution
		SolutionGuid = {35A7F4C2-0B60-439E-9179-54D5BB26D418}
	EndGlobalSection
EndGlobal
